
Microsoft Visual Studio Solution File, Format Version 12.00
# Visual Studio Version 17
VisualStudioVersion = 17.1.32421.90
MinimumVisualStudioVersion = 10.0.40219.1
Project("{FAE04EC0-301F-11D3-BF4B-00C04F79EFBC}") = "question_9_1_intensive", "question_9_1_intensive.csproj", "{F71C15D5-77BA-4F94-86CD-C51366AEE5BB}"
EndProject
Global
	GlobalSection(SolutionConfigurationPlatforms) = preSolution
		Debug|Any CPU = Debug|Any CPU
		Release|Any CPU = Release|Any CPU
	EndGlobalSection
	GlobalSection(ProjectConfigurationPlatforms) = postSolution
		{F71C15D5-77BA-4F94-86CD-C51366AEE5BB}.Debug|Any CPU.ActiveCfg = Debug|Any CPU
		{F71C15D5-77BA-4F94-86CD-C51366AEE5BB}.Debug|Any CPU.Build.0 = Debug|Any CPU
		{F71C15D5-77BA-4F94-86CD-C51366AEE5BB}.Release|Any CPU.ActiveCfg = Release|Any CPU
		{F71C15D5-77BA-4F94-86CD-C51366AEE5BB}.Release|Any CPU.Build.0 = Release|Any CPU
	EndGlobalSection
	GlobalSection(SolutionProperties) = preSolution
		HideSolutionNode = FALSE
	EndGlobalSection
	GlobalSection(ExtensibilityGlobals) = postSolution
		SolutionGuid = {BEED10C3-6D12-4873-B6B5-0FBEA407BA96}
	EndGlobalSection
EndGlobal
