
Microsoft Visual Studio Solution File, Format Version 12.00
# Visual Studio Version 17
VisualStudioVersion = 17.1.32421.90
MinimumVisualStudioVersion = 10.0.40219.1
Project("{FAE04EC0-301F-11D3-BF4B-00C04F79EFBC}") = "StudentList_While", "StudentList_While.csproj", "{7BE5FBD9-5F11-4B2D-8A16-3F9516FD839A}"
EndProject
Global
	GlobalSection(SolutionConfigurationPlatforms) = preSolution
		Debug|Any CPU = Debug|Any CPU
		Release|Any CPU = Release|Any CPU
	EndGlobalSection
	GlobalSection(ProjectConfigurationPlatforms) = postSolution
		{7BE5FBD9-5F11-4B2D-8A16-3F9516FD839A}.Debug|Any CPU.ActiveCfg = Debug|Any CPU
		{7BE5FBD9-5F11-4B2D-8A16-3F9516FD839A}.Debug|Any CPU.Build.0 = Debug|Any CPU
		{7BE5FBD9-5F11-4B2D-8A16-3F9516FD839A}.Release|Any CPU.ActiveCfg = Release|Any CPU
		{7BE5FBD9-5F11-4B2D-8A16-3F9516FD839A}.Release|Any CPU.Build.0 = Release|Any CPU
	EndGlobalSection
	GlobalSection(SolutionProperties) = preSolution
		HideSolutionNode = FALSE
	EndGlobalSection
	GlobalSection(ExtensibilityGlobals) = postSolution
		SolutionGuid = {ACC8BAE9-8066-44D7-BFFF-C890579CE7F3}
	EndGlobalSection
EndGlobal
