
Microsoft Visual Studio Solution File, Format Version 12.00
# Visual Studio Version 17
VisualStudioVersion = 17.1.32421.90
MinimumVisualStudioVersion = 10.0.40219.1
Project("{FAE04EC0-301F-11D3-BF4B-00C04F79EFBC}") = "DoorLock_6Num_For", "DoorLock_6Num_For.csproj", "{9A30BB37-8432-465C-8F19-A2BC75BBDF89}"
EndProject
Global
	GlobalSection(SolutionConfigurationPlatforms) = preSolution
		Debug|Any CPU = Debug|Any CPU
		Release|Any CPU = Release|Any CPU
	EndGlobalSection
	GlobalSection(ProjectConfigurationPlatforms) = postSolution
		{9A30BB37-8432-465C-8F19-A2BC75BBDF89}.Debug|Any CPU.ActiveCfg = Debug|Any CPU
		{9A30BB37-8432-465C-8F19-A2BC75BBDF89}.Debug|Any CPU.Build.0 = Debug|Any CPU
		{9A30BB37-8432-465C-8F19-A2BC75BBDF89}.Release|Any CPU.ActiveCfg = Release|Any CPU
		{9A30BB37-8432-465C-8F19-A2BC75BBDF89}.Release|Any CPU.Build.0 = Release|Any CPU
	EndGlobalSection
	GlobalSection(SolutionProperties) = preSolution
		HideSolutionNode = FALSE
	EndGlobalSection
	GlobalSection(ExtensibilityGlobals) = postSolution
		SolutionGuid = {17058BA2-B093-4894-9081-C02D29833C1A}
	EndGlobalSection
EndGlobal
