
Microsoft Visual Studio Solution File, Format Version 12.00
# Visual Studio Version 17
VisualStudioVersion = 17.1.32421.90
MinimumVisualStudioVersion = 10.0.40219.1
Project("{FAE04EC0-301F-11D3-BF4B-00C04F79EFBC}") = "question_8_1_intensive", "question_8_1_intensive.csproj", "{8B17B0D2-0077-460B-B7BC-77322DE05CE3}"
EndProject
Global
	GlobalSection(SolutionConfigurationPlatforms) = preSolution
		Debug|Any CPU = Debug|Any CPU
		Release|Any CPU = Release|Any CPU
	EndGlobalSection
	GlobalSection(ProjectConfigurationPlatforms) = postSolution
		{8B17B0D2-0077-460B-B7BC-77322DE05CE3}.Debug|Any CPU.ActiveCfg = Debug|Any CPU
		{8B17B0D2-0077-460B-B7BC-77322DE05CE3}.Debug|Any CPU.Build.0 = Debug|Any CPU
		{8B17B0D2-0077-460B-B7BC-77322DE05CE3}.Release|Any CPU.ActiveCfg = Release|Any CPU
		{8B17B0D2-0077-460B-B7BC-77322DE05CE3}.Release|Any CPU.Build.0 = Release|Any CPU
	EndGlobalSection
	GlobalSection(SolutionProperties) = preSolution
		HideSolutionNode = FALSE
	EndGlobalSection
	GlobalSection(ExtensibilityGlobals) = postSolution
		SolutionGuid = {08131860-B0F5-4639-99C4-829AFC2AFD0A}
	EndGlobalSection
EndGlobal
