
Microsoft Visual Studio Solution File, Format Version 12.00
# Visual Studio Version 17
VisualStudioVersion = 17.1.32421.90
MinimumVisualStudioVersion = 10.0.40219.1
Project("{FAE04EC0-301F-11D3-BF4B-00C04F79EFBC}") = "question_7", "question_7.csproj", "{390DF498-2D1E-4F0F-A49B-CABC0F023F1D}"
EndProject
Global
	GlobalSection(SolutionConfigurationPlatforms) = preSolution
		Debug|Any CPU = Debug|Any CPU
		Release|Any CPU = Release|Any CPU
	EndGlobalSection
	GlobalSection(ProjectConfigurationPlatforms) = postSolution
		{390DF498-2D1E-4F0F-A49B-CABC0F023F1D}.Debug|Any CPU.ActiveCfg = Debug|Any CPU
		{390DF498-2D1E-4F0F-A49B-CABC0F023F1D}.Debug|Any CPU.Build.0 = Debug|Any CPU
		{390DF498-2D1E-4F0F-A49B-CABC0F023F1D}.Release|Any CPU.ActiveCfg = Release|Any CPU
		{390DF498-2D1E-4F0F-A49B-CABC0F023F1D}.Release|Any CPU.Build.0 = Release|Any CPU
	EndGlobalSection
	GlobalSection(SolutionProperties) = preSolution
		HideSolutionNode = FALSE
	EndGlobalSection
	GlobalSection(ExtensibilityGlobals) = postSolution
		SolutionGuid = {788D0D11-F483-41DB-839C-6BFB75B7202F}
	EndGlobalSection
EndGlobal
